
Microsoft Visual Studio Solution File, Format Version 12.00
# Visual Studio Version 17
VisualStudioVersion = 17.11.35303.130
MinimumVisualStudioVersion = 10.0.40219.1
Project("{2150E333-8FDC-42A3-9474-1A3956D46DE8}") = "Services", "Services", "{9EF09282-51E9-4F00-9C16-4F80D5BD3434}"
EndProject
Project("{2150E333-8FDC-42A3-9474-1A3956D46DE8}") = "Catalog", "Catalog", "{2A40CFC6-1638-4520-8615-7A3049CE7726}"
EndProject
Project("{9A19103F-16F7-4668-BE54-9A1E7A4F7556}") = "Catalog.API", "Services\Catalog\Catalog.API\Catalog.API.csproj", "{51184F6A-3A7A-4817-82D5-A21BAA897973}"
EndProject
Project("{2150E333-8FDC-42A3-9474-1A3956D46DE8}") = "BuildingBlocks", "BuildingBlocks", "{58D81BF2-0075-4245-99F7-9E9C8B68A9FA}"
EndProject
Project("{9A19103F-16F7-4668-BE54-9A1E7A4F7556}") = "BuildingBlocks", "BuildingBlocks\BuildingBlocks\BuildingBlocks.csproj", "{1920DC04-3133-4594-92A3-A6BBAE1B93A6}"
EndProject
Project("{E53339B2-1760-4266-BCC7-CA923CBCF16C}") = "docker-compose", "docker-compose.dcproj", "{702F5598-34B8-42E0-9AE2-40C0D6AD20D4}"
EndProject
Project("{2150E333-8FDC-42A3-9474-1A3956D46DE8}") = "Basket", "Basket", "{9F2BE849-2EE9-4908-8141-C5465E3D0770}"
EndProject
Project("{9A19103F-16F7-4668-BE54-9A1E7A4F7556}") = "Basket.API", "Services\Basket\Basket.API\Basket.API.csproj", "{A8FE91D4-1217-4D87-BBE2-028346EA154E}"
EndProject
Project("{2150E333-8FDC-42A3-9474-1A3956D46DE8}") = "Discount", "Discount", "{75D5B380-AA1E-4D2F-A28A-B50DA9648B16}"
EndProject
Project("{9A19103F-16F7-4668-BE54-9A1E7A4F7556}") = "Discount.Grpc", "Services\Discount\Discount.Grpc\Discount.Grpc.csproj", "{3DA0A9EC-2F33-4CC9-A8D0-B2E9D441E2D1}"
EndProject
Project("{2150E333-8FDC-42A3-9474-1A3956D46DE8}") = "Ordering", "Ordering", "{0BB42F9A-8959-4AB5-A23C-9258D2DFBA44}"
EndProject
Project("{9A19103F-16F7-4668-BE54-9A1E7A4F7556}") = "Ordering.API", "Services\Ordering\Ordering.API\Ordering.API.csproj", "{FA046974-4F35-48A7-A9C2-14F5F6D94ACB}"
EndProject
Project("{FAE04EC0-301F-11D3-BF4B-00C04F79EFBC}") = "Ordering.Domain", "Services\Ordering\Ordering.Domain\Ordering.Domain.csproj", "{BB08DDD3-CA62-4EB1-8555-4BE08A4D8829}"
EndProject
Project("{FAE04EC0-301F-11D3-BF4B-00C04F79EFBC}") = "Ordering.Application", "Services\Ordering\Ordering.Application\Ordering.Application.csproj", "{574B061F-BFE4-4BF3-9933-8747EB6A1FB2}"
EndProject
Project("{FAE04EC0-301F-11D3-BF4B-00C04F79EFBC}") = "Ordering.Infrastructure", "Services\Ordering\Ordering.Infrastructure\Ordering.Infrastructure.csproj", "{DE511E52-8B41-48A1-B058-739A73F21468}"
EndProject
Global
	GlobalSection(SolutionConfigurationPlatforms) = preSolution
		Debug|Any CPU = Debug|Any CPU
		Release|Any CPU = Release|Any CPU
	EndGlobalSection
	GlobalSection(ProjectConfigurationPlatforms) = postSolution
		{51184F6A-3A7A-4817-82D5-A21BAA897973}.Debug|Any CPU.ActiveCfg = Debug|Any CPU
		{51184F6A-3A7A-4817-82D5-A21BAA897973}.Debug|Any CPU.Build.0 = Debug|Any CPU
		{51184F6A-3A7A-4817-82D5-A21BAA897973}.Release|Any CPU.ActiveCfg = Release|Any CPU
		{51184F6A-3A7A-4817-82D5-A21BAA897973}.Release|Any CPU.Build.0 = Release|Any CPU
		{1920DC04-3133-4594-92A3-A6BBAE1B93A6}.Debug|Any CPU.ActiveCfg = Debug|Any CPU
		{1920DC04-3133-4594-92A3-A6BBAE1B93A6}.Debug|Any CPU.Build.0 = Debug|Any CPU
		{1920DC04-3133-4594-92A3-A6BBAE1B93A6}.Release|Any CPU.ActiveCfg = Release|Any CPU
		{1920DC04-3133-4594-92A3-A6BBAE1B93A6}.Release|Any CPU.Build.0 = Release|Any CPU
		{702F5598-34B8-42E0-9AE2-40C0D6AD20D4}.Debug|Any CPU.ActiveCfg = Debug|Any CPU
		{702F5598-34B8-42E0-9AE2-40C0D6AD20D4}.Debug|Any CPU.Build.0 = Debug|Any CPU
		{702F5598-34B8-42E0-9AE2-40C0D6AD20D4}.Release|Any CPU.ActiveCfg = Release|Any CPU
		{702F5598-34B8-42E0-9AE2-40C0D6AD20D4}.Release|Any CPU.Build.0 = Release|Any CPU
		{A8FE91D4-1217-4D87-BBE2-028346EA154E}.Debug|Any CPU.ActiveCfg = Debug|Any CPU
		{A8FE91D4-1217-4D87-BBE2-028346EA154E}.Debug|Any CPU.Build.0 = Debug|Any CPU
		{A8FE91D4-1217-4D87-BBE2-028346EA154E}.Release|Any CPU.ActiveCfg = Release|Any CPU
		{A8FE91D4-1217-4D87-BBE2-028346EA154E}.Release|Any CPU.Build.0 = Release|Any CPU
		{3DA0A9EC-2F33-4CC9-A8D0-B2E9D441E2D1}.Debug|Any CPU.ActiveCfg = Debug|Any CPU
		{3DA0A9EC-2F33-4CC9-A8D0-B2E9D441E2D1}.Debug|Any CPU.Build.0 = Debug|Any CPU
		{3DA0A9EC-2F33-4CC9-A8D0-B2E9D441E2D1}.Release|Any CPU.ActiveCfg = Release|Any CPU
		{3DA0A9EC-2F33-4CC9-A8D0-B2E9D441E2D1}.Release|Any CPU.Build.0 = Release|Any CPU
		{FA046974-4F35-48A7-A9C2-14F5F6D94ACB}.Debug|Any CPU.ActiveCfg = Debug|Any CPU
		{FA046974-4F35-48A7-A9C2-14F5F6D94ACB}.Debug|Any CPU.Build.0 = Debug|Any CPU
		{FA046974-4F35-48A7-A9C2-14F5F6D94ACB}.Release|Any CPU.ActiveCfg = Release|Any CPU
		{FA046974-4F35-48A7-A9C2-14F5F6D94ACB}.Release|Any CPU.Build.0 = Release|Any CPU
		{BB08DDD3-CA62-4EB1-8555-4BE08A4D8829}.Debug|Any CPU.ActiveCfg = Debug|Any CPU
		{BB08DDD3-CA62-4EB1-8555-4BE08A4D8829}.Debug|Any CPU.Build.0 = Debug|Any CPU
		{BB08DDD3-CA62-4EB1-8555-4BE08A4D8829}.Release|Any CPU.ActiveCfg = Release|Any CPU
		{BB08DDD3-CA62-4EB1-8555-4BE08A4D8829}.Release|Any CPU.Build.0 = Release|Any CPU
		{574B061F-BFE4-4BF3-9933-8747EB6A1FB2}.Debug|Any CPU.ActiveCfg = Debug|Any CPU
		{574B061F-BFE4-4BF3-9933-8747EB6A1FB2}.Debug|Any CPU.Build.0 = Debug|Any CPU
		{574B061F-BFE4-4BF3-9933-8747EB6A1FB2}.Release|Any CPU.ActiveCfg = Release|Any CPU
		{574B061F-BFE4-4BF3-9933-8747EB6A1FB2}.Release|Any CPU.Build.0 = Release|Any CPU
		{DE511E52-8B41-48A1-B058-739A73F21468}.Debug|Any CPU.ActiveCfg = Debug|Any CPU
		{DE511E52-8B41-48A1-B058-739A73F21468}.Debug|Any CPU.Build.0 = Debug|Any CPU
		{DE511E52-8B41-48A1-B058-739A73F21468}.Release|Any CPU.ActiveCfg = Release|Any CPU
		{DE511E52-8B41-48A1-B058-739A73F21468}.Release|Any CPU.Build.0 = Release|Any CPU
	EndGlobalSection
	GlobalSection(SolutionProperties) = preSolution
		HideSolutionNode = FALSE
	EndGlobalSection
	GlobalSection(NestedProjects) = preSolution
		{2A40CFC6-1638-4520-8615-7A3049CE7726} = {9EF09282-51E9-4F00-9C16-4F80D5BD3434}
		{51184F6A-3A7A-4817-82D5-A21BAA897973} = {2A40CFC6-1638-4520-8615-7A3049CE7726}
		{1920DC04-3133-4594-92A3-A6BBAE1B93A6} = {58D81BF2-0075-4245-99F7-9E9C8B68A9FA}
		{9F2BE849-2EE9-4908-8141-C5465E3D0770} = {9EF09282-51E9-4F00-9C16-4F80D5BD3434}
		{A8FE91D4-1217-4D87-BBE2-028346EA154E} = {9F2BE849-2EE9-4908-8141-C5465E3D0770}
		{75D5B380-AA1E-4D2F-A28A-B50DA9648B16} = {9EF09282-51E9-4F00-9C16-4F80D5BD3434}
		{3DA0A9EC-2F33-4CC9-A8D0-B2E9D441E2D1} = {75D5B380-AA1E-4D2F-A28A-B50DA9648B16}
		{0BB42F9A-8959-4AB5-A23C-9258D2DFBA44} = {9EF09282-51E9-4F00-9C16-4F80D5BD3434}
		{FA046974-4F35-48A7-A9C2-14F5F6D94ACB} = {0BB42F9A-8959-4AB5-A23C-9258D2DFBA44}
		{BB08DDD3-CA62-4EB1-8555-4BE08A4D8829} = {0BB42F9A-8959-4AB5-A23C-9258D2DFBA44}
		{574B061F-BFE4-4BF3-9933-8747EB6A1FB2} = {0BB42F9A-8959-4AB5-A23C-9258D2DFBA44}
		{DE511E52-8B41-48A1-B058-739A73F21468} = {0BB42F9A-8959-4AB5-A23C-9258D2DFBA44}
	EndGlobalSection
	GlobalSection(ExtensibilityGlobals) = postSolution
		SolutionGuid = {0D389B24-2706-4597-829F-B6F8B20AF350}
	EndGlobalSection
EndGlobal
